// !$*UTF8*$!
{
	archiveVersion = 1;
	classes = {
	};
	objectVersion = 46;
	objects = {

/* Begin PBXBuildFile section */
		B937E5EA13E5A29C0037462C /* UIKit.framework in Frameworks */ = {isa = PBXBuildFile; fileRef = B937E5E913E5A29C0037462C /* UIKit.framework */; };
		B937E5EC13E5A29C0037462C /* Foundation.framework in Frameworks */ = {isa = PBXBuildFile; fileRef = B937E5EB13E5A29C0037462C /* Foundation.framework */; };
		B937E5EE13E5A29C0037462C /* CoreGraphics.framework in Frameworks */ = {isa = PBXBuildFile; fileRef = B937E5ED13E5A29C0037462C /* CoreGraphics.framework */; };
		B937E5F413E5A29C0037462C /* InfoPlist.strings in Resources */ = {isa = PBXBuildFile; fileRef = B937E5F213E5A29C0037462C /* InfoPlist.strings */; };
		B937E5F613E5A29C0037462C /* main.m in Sources */ = {isa = PBXBuildFile; fileRef = B937E5F513E5A29C0037462C /* main.m */; };
		B937E5FA13E5A29C0037462C /* Caregiver_Activity_GuideAppDelegate.m in Sources */ = {isa = PBXBuildFile; fileRef = B937E5F913E5A29C0037462C /* Caregiver_Activity_GuideAppDelegate.m */; };
		B937E5FD13E5A29C0037462C /* MainWindow.xib in Resources */ = {isa = PBXBuildFile; fileRef = B937E5FB13E5A29C0037462C /* MainWindow.xib */; };
		B937E60513E5A29C0037462C /* SenTestingKit.framework in Frameworks */ = {isa = PBXBuildFile; fileRef = B937E60413E5A29C0037462C /* SenTestingKit.framework */; };
		B937E60613E5A29C0037462C /* UIKit.framework in Frameworks */ = {isa = PBXBuildFile; fileRef = B937E5E913E5A29C0037462C /* UIKit.framework */; };
		B937E60713E5A29C0037462C /* Foundation.framework in Frameworks */ = {isa = PBXBuildFile; fileRef = B937E5EB13E5A29C0037462C /* Foundation.framework */; };
		B937E60813E5A29C0037462C /* CoreGraphics.framework in Frameworks */ = {isa = PBXBuildFile; fileRef = B937E5ED13E5A29C0037462C /* CoreGraphics.framework */; };
		B937E61013E5A29C0037462C /* InfoPlist.strings in Resources */ = {isa = PBXBuildFile; fileRef = B937E60E13E5A29C0037462C /* InfoPlist.strings */; };
		B937E61213E5A29C0037462C /* Caregiver_Activity_GuideTests.h in Resources */ = {isa = PBXBuildFile; fileRef = B937E61113E5A29C0037462C /* Caregiver_Activity_GuideTests.h */; };
		B937E61413E5A29C0037462C /* Caregiver_Activity_GuideTests.m in Sources */ = {isa = PBXBuildFile; fileRef = B937E61313E5A29C0037462C /* Caregiver_Activity_GuideTests.m */; };
		B937E61E13E5A5260037462C /* 16-line-chart.png in Resources */ = {isa = PBXBuildFile; fileRef = B937E61D13E5A5260037462C /* 16-line-chart.png */; };
		B9515FF213E5A84700ECC6FB /* AboutViewController.m in Sources */ = {isa = PBXBuildFile; fileRef = B9515FF013E5A84700ECC6FB /* AboutViewController.m */; };
		B9515FF313E5A84700ECC6FB /* AboutViewController.xib in Resources */ = {isa = PBXBuildFile; fileRef = B9515FF113E5A84700ECC6FB /* AboutViewController.xib */; };
		B9515FF713E5A9C800ECC6FB /* BenefitsNavController.m in Sources */ = {isa = PBXBuildFile; fileRef = B9515FF513E5A9C800ECC6FB /* BenefitsNavController.m */; };
		B9515FF813E5A9C800ECC6FB /* BenefitsNavController.xib in Resources */ = {isa = PBXBuildFile; fileRef = B9515FF613E5A9C800ECC6FB /* BenefitsNavController.xib */; };
		B9515FFC13E5AAD000ECC6FB /* BenefitsTableViewController.m in Sources */ = {isa = PBXBuildFile; fileRef = B9515FFA13E5AAD000ECC6FB /* BenefitsTableViewController.m */; };
		B9515FFD13E5AAD000ECC6FB /* BenefitsTableViewController.xib in Resources */ = {isa = PBXBuildFile; fileRef = B9515FFB13E5AAD000ECC6FB /* BenefitsTableViewController.xib */; };
		B951600513E5BA7500ECC6FB /* BenefitDetailViewController.m in Sources */ = {isa = PBXBuildFile; fileRef = B951600313E5BA7500ECC6FB /* BenefitDetailViewController.m */; };
		B951600613E5BA7500ECC6FB /* BenefitDetailViewController.xib in Resources */ = {isa = PBXBuildFile; fileRef = B951600413E5BA7500ECC6FB /* BenefitDetailViewController.xib */; };
/* End PBXBuildFile section */

/* Begin PBXContainerItemProxy section */
		B937E60913E5A29C0037462C /* PBXContainerItemProxy */ = {
			isa = PBXContainerItemProxy;
			containerPortal = B937E5DC13E5A29B0037462C /* Project object */;
			proxyType = 1;
			remoteGlobalIDString = B937E5E413E5A29C0037462C;
			remoteInfo = "Caregiver Activity Guide";
		};
/* End PBXContainerItemProxy section */

/* Begin PBXFileReference section */
		B937E5E513E5A29C0037462C /* Caregiver Activity Guide.app */ = {isa = PBXFileReference; explicitFileType = wrapper.application; includeInIndex = 0; path = "Caregiver Activity Guide.app"; sourceTree = BUILT_PRODUCTS_DIR; };
		B937E5E913E5A29C0037462C /* UIKit.framework */ = {isa = PBXFileReference; lastKnownFileType = wrapper.framework; name = UIKit.framework; path = System/Library/Frameworks/UIKit.framework; sourceTree = SDKROOT; };
		B937E5EB13E5A29C0037462C /* Foundation.framework */ = {isa = PBXFileReference; lastKnownFileType = wrapper.framework; name = Foundation.framework; path = System/Library/Frameworks/Foundation.framework; sourceTree = SDKROOT; };
		B937E5ED13E5A29C0037462C /* CoreGraphics.framework */ = {isa = PBXFileReference; lastKnownFileType = wrapper.framework; name = CoreGraphics.framework; path = System/Library/Frameworks/CoreGraphics.framework; sourceTree = SDKROOT; };
		B937E5F113E5A29C0037462C /* Caregiver Activity Guide-Info.plist */ = {isa = PBXFileReference; lastKnownFileType = text.plist.xml; path = "Caregiver Activity Guide-Info.plist"; sourceTree = "<group>"; };
		B937E5F313E5A29C0037462C /* en */ = {isa = PBXFileReference; lastKnownFileType = text.plist.strings; name = en; path = en.lproj/InfoPlist.strings; sourceTree = "<group>"; };
		B937E5F513E5A29C0037462C /* main.m */ = {isa = PBXFileReference; lastKnownFileType = sourcecode.c.objc; path = main.m; sourceTree = "<group>"; };
		B937E5F713E5A29C0037462C /* Caregiver Activity Guide-Prefix.pch */ = {isa = PBXFileReference; lastKnownFileType = sourcecode.c.h; path = "Caregiver Activity Guide-Prefix.pch"; sourceTree = "<group>"; };
		B937E5F813E5A29C0037462C /* Caregiver_Activity_GuideAppDelegate.h */ = {isa = PBXFileReference; lastKnownFileType = sourcecode.c.h; path = Caregiver_Activity_GuideAppDelegate.h; sourceTree = "<group>"; };
		B937E5F913E5A29C0037462C /* Caregiver_Activity_GuideAppDelegate.m */ = {isa = PBXFileReference; lastKnownFileType = sourcecode.c.objc; path = Caregiver_Activity_GuideAppDelegate.m; sourceTree = "<group>"; };
		B937E5FC13E5A29C0037462C /* en */ = {isa = PBXFileReference; lastKnownFileType = file.xib; name = en; path = en.lproj/MainWindow.xib; sourceTree = "<group>"; };
		B937E60313E5A29C0037462C /* Caregiver Activity GuideTests.octest */ = {isa = PBXFileReference; explicitFileType = wrapper.cfbundle; includeInIndex = 0; path = "Caregiver Activity GuideTests.octest"; sourceTree = BUILT_PRODUCTS_DIR; };
		B937E60413E5A29C0037462C /* SenTestingKit.framework */ = {isa = PBXFileReference; lastKnownFileType = wrapper.framework; name = SenTestingKit.framework; path = Library/Frameworks/SenTestingKit.framework; sourceTree = DEVELOPER_DIR; };
		B937E60D13E5A29C0037462C /* Caregiver Activity GuideTests-Info.plist */ = {isa = PBXFileReference; lastKnownFileType = text.plist.xml; path = "Caregiver Activity GuideTests-Info.plist"; sourceTree = "<group>"; };
		B937E60F13E5A29C0037462C /* en */ = {isa = PBXFileReference; lastKnownFileType = text.plist.strings; name = en; path = en.lproj/InfoPlist.strings; sourceTree = "<group>"; };
		B937E61113E5A29C0037462C /* Caregiver_Activity_GuideTests.h */ = {isa = PBXFileReference; lastKnownFileType = sourcecode.c.h; path = Caregiver_Activity_GuideTests.h; sourceTree = "<group>"; };
		B937E61313E5A29C0037462C /* Caregiver_Activity_GuideTests.m */ = {isa = PBXFileReference; lastKnownFileType = sourcecode.c.objc; path = Caregiver_Activity_GuideTests.m; sourceTree = "<group>"; };
		B937E61D13E5A5260037462C /* 16-line-chart.png */ = {isa = PBXFileReference; lastKnownFileType = image.png; name = "16-line-chart.png"; path = "../../../iOS/glyphish-icons/icons/16-line-chart.png"; sourceTree = "<group>"; };
		B9515FEF13E5A84700ECC6FB /* AboutViewController.h */ = {isa = PBXFileReference; fileEncoding = 4; lastKnownFileType = sourcecode.c.h; path = AboutViewController.h; sourceTree = "<group>"; };
		B9515FF013E5A84700ECC6FB /* AboutViewController.m */ = {isa = PBXFileReference; fileEncoding = 4; lastKnownFileType = sourcecode.c.objc; path = AboutViewController.m; sourceTree = "<group>"; };
		B9515FF113E5A84700ECC6FB /* AboutViewController.xib */ = {isa = PBXFileReference; fileEncoding = 4; lastKnownFileType = file.xib; path = AboutViewController.xib; sourceTree = "<group>"; };
		B9515FF413E5A9C700ECC6FB /* BenefitsNavController.h */ = {isa = PBXFileReference; fileEncoding = 4; lastKnownFileType = sourcecode.c.h; path = BenefitsNavController.h; sourceTree = "<group>"; };
		B9515FF513E5A9C800ECC6FB /* BenefitsNavController.m */ = {isa = PBXFileReference; fileEncoding = 4; lastKnownFileType = sourcecode.c.objc; path = BenefitsNavController.m; sourceTree = "<group>"; };
		B9515FF613E5A9C800ECC6FB /* BenefitsNavController.xib */ = {isa = PBXFileReference; fileEncoding = 4; lastKnownFileType = file.xib; path = BenefitsNavController.xib; sourceTree = "<group>"; };
		B9515FF913E5AAD000ECC6FB /* BenefitsTableViewController.h */ = {isa = PBXFileReference; fileEncoding = 4; lastKnownFileType = sourcecode.c.h; path = BenefitsTableViewController.h; sourceTree = "<group>"; };
		B9515FFA13E5AAD000ECC6FB /* BenefitsTableViewController.m */ = {isa = PBXFileReference; fileEncoding = 4; lastKnownFileType = sourcecode.c.objc; path = BenefitsTableViewController.m; sourceTree = "<group>"; };
		B9515FFB13E5AAD000ECC6FB /* BenefitsTableViewController.xib */ = {isa = PBXFileReference; fileEncoding = 4; lastKnownFileType = file.xib; path = BenefitsTableViewController.xib; sourceTree = "<group>"; };
		B951600213E5BA7500ECC6FB /* BenefitDetailViewController.h */ = {isa = PBXFileReference; fileEncoding = 4; lastKnownFileType = sourcecode.c.h; path = BenefitDetailViewController.h; sourceTree = "<group>"; };
		B951600313E5BA7500ECC6FB /* BenefitDetailViewController.m */ = {isa = PBXFileReference; fileEncoding = 4; lastKnownFileType = sourcecode.c.objc; path = BenefitDetailViewController.m; sourceTree = "<group>"; };
		B951600413E5BA7500ECC6FB /* BenefitDetailViewController.xib */ = {isa = PBXFileReference; fileEncoding = 4; lastKnownFileType = file.xib; path = BenefitDetailViewController.xib; sourceTree = "<group>"; };
/* End PBXFileReference section */

/* Begin PBXFrameworksBuildPhase section */
		B937E5E213E5A29C0037462C /* Frameworks */ = {
			isa = PBXFrameworksBuildPhase;
			buildActionMask = 2147483647;
			files = (
				B937E5EA13E5A29C0037462C /* UIKit.framework in Frameworks */,
				B937E5EC13E5A29C0037462C /* Foundation.framework in Frameworks */,
				B937E5EE13E5A29C0037462C /* CoreGraphics.framework in Frameworks */,
			);
			runOnlyForDeploymentPostprocessing = 0;
		};
		B937E5FF13E5A29C0037462C /* Frameworks */ = {
			isa = PBXFrameworksBuildPhase;
			buildActionMask = 2147483647;
			files = (
				B937E60513E5A29C0037462C /* SenTestingKit.framework in Frameworks */,
				B937E60613E5A29C0037462C /* UIKit.framework in Frameworks */,
				B937E60713E5A29C0037462C /* Foundation.framework in Frameworks */,
				B937E60813E5A29C0037462C /* CoreGraphics.framework in Frameworks */,
			);
			runOnlyForDeploymentPostprocessing = 0;
		};
/* End PBXFrameworksBuildPhase section */

/* Begin PBXGroup section */
		B937E5DA13E5A29B0037462C = {
			isa = PBXGroup;
			children = (
				B937E5EF13E5A29C0037462C /* Caregiver Activity Guide */,
				B937E60B13E5A29C0037462C /* Caregiver Activity GuideTests */,
				B937E5E813E5A29C0037462C /* Frameworks */,
				B937E5E613E5A29C0037462C /* Products */,
			);
			sourceTree = "<group>";
		};
		B937E5E613E5A29C0037462C /* Products */ = {
			isa = PBXGroup;
			children = (
				B937E5E513E5A29C0037462C /* Caregiver Activity Guide.app */,
				B937E60313E5A29C0037462C /* Caregiver Activity GuideTests.octest */,
			);
			name = Products;
			sourceTree = "<group>";
		};
		B937E5E813E5A29C0037462C /* Frameworks */ = {
			isa = PBXGroup;
			children = (
				B937E5E913E5A29C0037462C /* UIKit.framework */,
				B937E5EB13E5A29C0037462C /* Foundation.framework */,
				B937E5ED13E5A29C0037462C /* CoreGraphics.framework */,
				B937E60413E5A29C0037462C /* SenTestingKit.framework */,
			);
			name = Frameworks;
			sourceTree = "<group>";
		};
		B937E5EF13E5A29C0037462C /* Caregiver Activity Guide */ = {
			isa = PBXGroup;
			children = (
				B937E5F813E5A29C0037462C /* Caregiver_Activity_GuideAppDelegate.h */,
				B937E5F913E5A29C0037462C /* Caregiver_Activity_GuideAppDelegate.m */,
				B937E5FB13E5A29C0037462C /* MainWindow.xib */,
				B937E5F013E5A29C0037462C /* Supporting Files */,
				B9515FEF13E5A84700ECC6FB /* AboutViewController.h */,
				B9515FF013E5A84700ECC6FB /* AboutViewController.m */,
				B9515FF113E5A84700ECC6FB /* AboutViewController.xib */,
				B9515FF413E5A9C700ECC6FB /* BenefitsNavController.h */,
				B9515FF513E5A9C800ECC6FB /* BenefitsNavController.m */,
				B9515FF613E5A9C800ECC6FB /* BenefitsNavController.xib */,
				B9515FF913E5AAD000ECC6FB /* BenefitsTableViewController.h */,
				B9515FFA13E5AAD000ECC6FB /* BenefitsTableViewController.m */,
				B9515FFB13E5AAD000ECC6FB /* BenefitsTableViewController.xib */,
				B951600213E5BA7500ECC6FB /* BenefitDetailViewController.h */,
				B951600313E5BA7500ECC6FB /* BenefitDetailViewController.m */,
				B951600413E5BA7500ECC6FB /* BenefitDetailViewController.xib */,
			);
			path = "Caregiver Activity Guide";
			sourceTree = "<group>";
		};
		B937E5F013E5A29C0037462C /* Supporting Files */ = {
			isa = PBXGroup;
			children = (
				B937E61D13E5A5260037462C /* 16-line-chart.png */,
				B937E5F113E5A29C0037462C /* Caregiver Activity Guide-Info.plist */,
				B937E5F213E5A29C0037462C /* InfoPlist.strings */,
				B937E5F513E5A29C0037462C /* main.m */,
				B937E5F713E5A29C0037462C /* Caregiver Activity Guide-Prefix.pch */,
			);
			name = "Supporting Files";
			sourceTree = "<group>";
		};
		B937E60B13E5A29C0037462C /* Caregiver Activity GuideTests */ = {
			isa = PBXGroup;
			children = (
				B937E61113E5A29C0037462C /* Caregiver_Activity_GuideTests.h */,
				B937E61313E5A29C0037462C /* Caregiver_Activity_GuideTests.m */,
				B937E60C13E5A29C0037462C /* Supporting Files */,
			);
			path = "Caregiver Activity GuideTests";
			sourceTree = "<group>";
		};
		B937E60C13E5A29C0037462C /* Supporting Files */ = {
			isa = PBXGroup;
			children = (
				B937E60D13E5A29C0037462C /* Caregiver Activity GuideTests-Info.plist */,
				B937E60E13E5A29C0037462C /* InfoPlist.strings */,
			);
			name = "Supporting Files";
			sourceTree = "<group>";
		};
/* End PBXGroup section */

/* Begin PBXNativeTarget section */
		B937E5E413E5A29C0037462C /* Caregiver Activity Guide */ = {
			isa = PBXNativeTarget;
			buildConfigurationList = B937E61713E5A29C0037462C /* Build configuration list for PBXNativeTarget "Caregiver Activity Guide" */;
			buildPhases = (
				B937E5E113E5A29C0037462C /* Sources */,
				B937E5E213E5A29C0037462C /* Frameworks */,
				B937E5E313E5A29C0037462C /* Resources */,
			);
			buildRules = (
			);
			dependencies = (
			);
			name = "Caregiver Activity Guide";
			productName = "Caregiver Activity Guide";
			productReference = B937E5E513E5A29C0037462C /* Caregiver Activity Guide.app */;
			productType = "com.apple.product-type.application";
		};
		B937E60213E5A29C0037462C /* Caregiver Activity GuideTests */ = {
			isa = PBXNativeTarget;
			buildConfigurationList = B937E61A13E5A29C0037462C /* Build configuration list for PBXNativeTarget "Caregiver Activity GuideTests" */;
			buildPhases = (
				B937E5FE13E5A29C0037462C /* Sources */,
				B937E5FF13E5A29C0037462C /* Frameworks */,
				B937E60013E5A29C0037462C /* Resources */,
				B937E60113E5A29C0037462C /* ShellScript */,
			);
			buildRules = (
			);
			dependencies = (
				B937E60A13E5A29C0037462C /* PBXTargetDependency */,
			);
			name = "Caregiver Activity GuideTests";
			productName = "Caregiver Activity GuideTests";
			productReference = B937E60313E5A29C0037462C /* Caregiver Activity GuideTests.octest */;
			productType = "com.apple.product-type.bundle";
		};
/* End PBXNativeTarget section */

/* Begin PBXProject section */
		B937E5DC13E5A29B0037462C /* Project object */ = {
			isa = PBXProject;
			attributes = {
				ORGANIZATIONNAME = UNO/PKI;
			};
			buildConfigurationList = B937E5DF13E5A29B0037462C /* Build configuration list for PBXProject "Caregiver Activity Guide" */;
			compatibilityVersion = "Xcode 3.2";
			developmentRegion = English;
			hasScannedForEncodings = 0;
			knownRegions = (
				en,
			);
			mainGroup = B937E5DA13E5A29B0037462C;
			productRefGroup = B937E5E613E5A29C0037462C /* Products */;
			projectDirPath = "";
			projectRoot = "";
			targets = (
				B937E5E413E5A29C0037462C /* Caregiver Activity Guide */,
				B937E60213E5A29C0037462C /* Caregiver Activity GuideTests */,
			);
		};
/* End PBXProject section */

/* Begin PBXResourcesBuildPhase section */
		B937E5E313E5A29C0037462C /* Resources */ = {
			isa = PBXResourcesBuildPhase;
			buildActionMask = 2147483647;
			files = (
				B937E5F413E5A29C0037462C /* InfoPlist.strings in Resources */,
				B937E5FD13E5A29C0037462C /* MainWindow.xib in Resources */,
				B937E61E13E5A5260037462C /* 16-line-chart.png in Resources */,
				B9515FF313E5A84700ECC6FB /* AboutViewController.xib in Resources */,
				B9515FF813E5A9C800ECC6FB /* BenefitsNavController.xib in Resources */,
				B9515FFD13E5AAD000ECC6FB /* BenefitsTableViewController.xib in Resources */,
				B951600613E5BA7500ECC6FB /* BenefitDetailViewController.xib in Resources */,
			);
			runOnlyForDeploymentPostprocessing = 0;
		};
		B937E60013E5A29C0037462C /* Resources */ = {
			isa = PBXResourcesBuildPhase;
			buildActionMask = 2147483647;
			files = (
				B937E61013E5A29C0037462C /* InfoPlist.strings in Resources */,
				B937E61213E5A29C0037462C /* Caregiver_Activity_GuideTests.h in Resources */,
			);
			runOnlyForDeploymentPostprocessing = 0;
		};
/* End PBXResourcesBuildPhase section */

/* Begin PBXShellScriptBuildPhase section */
		B937E60113E5A29C0037462C /* ShellScript */ = {
			isa = PBXShellScriptBuildPhase;
			buildActionMask = 2147483647;
			files = (
			);
			inputPaths = (
			);
			outputPaths = (
			);
			runOnlyForDeploymentPostprocessing = 0;
			shellPath = /bin/sh;
			shellScript = "# Run the unit tests in this test bundle.\n\"${SYSTEM_DEVELOPER_DIR}/Tools/RunUnitTests\"\n";
		};
/* End PBXShellScriptBuildPhase section */

/* Begin PBXSourcesBuildPhase section */
		B937E5E113E5A29C0037462C /* Sources */ = {
			isa = PBXSourcesBuildPhase;
			buildActionMask = 2147483647;
			files = (
				B937E5F613E5A29C0037462C /* main.m in Sources */,
				B937E5FA13E5A29C0037462C /* Caregiver_Activity_GuideAppDelegate.m in Sources */,
				B9515FF213E5A84700ECC6FB /* AboutViewController.m in Sources */,
				B9515FF713E5A9C800ECC6FB /* BenefitsNavController.m in Sources */,
				B9515FFC13E5AAD000ECC6FB /* BenefitsTableViewController.m in Sources */,
				B951600513E5BA7500ECC6FB /* BenefitDetailViewController.m in Sources */,
			);
			runOnlyForDeploymentPostprocessing = 0;
		};
		B937E5FE13E5A29C0037462C /* Sources */ = {
			isa = PBXSourcesBuildPhase;
			buildActionMask = 2147483647;
			files = (
				B937E61413E5A29C0037462C /* Caregiver_Activity_GuideTests.m in Sources */,
			);
			runOnlyForDeploymentPostprocessing = 0;
		};
/* End PBXSourcesBuildPhase section */

/* Begin PBXTargetDependency section */
		B937E60A13E5A29C0037462C /* PBXTargetDependency */ = {
			isa = PBXTargetDependency;
			target = B937E5E413E5A29C0037462C /* Caregiver Activity Guide */;
			targetProxy = B937E60913E5A29C0037462C /* PBXContainerItemProxy */;
		};
/* End PBXTargetDependency section */

/* Begin PBXVariantGroup section */
		B937E5F213E5A29C0037462C /* InfoPlist.strings */ = {
			isa = PBXVariantGroup;
			children = (
				B937E5F313E5A29C0037462C /* en */,
			);
			name = InfoPlist.strings;
			sourceTree = "<group>";
		};
		B937E5FB13E5A29C0037462C /* MainWindow.xib */ = {
			isa = PBXVariantGroup;
			children = (
				B937E5FC13E5A29C0037462C /* en */,
			);
			name = MainWindow.xib;
			sourceTree = "<group>";
		};
		B937E60E13E5A29C0037462C /* InfoPlist.strings */ = {
			isa = PBXVariantGroup;
			children = (
				B937E60F13E5A29C0037462C /* en */,
			);
			name = InfoPlist.strings;
			sourceTree = "<group>";
		};
/* End PBXVariantGroup section */

/* Begin XCBuildConfiguration section */
		B937E61513E5A29C0037462C /* Debug */ = {
			isa = XCBuildConfiguration;
			buildSettings = {
				ALWAYS_SEARCH_USER_PATHS = NO;
				ARCHS = "$(ARCHS_STANDARD_32_BIT)";
				"CODE_SIGN_IDENTITY[sdk=iphoneos*]" = "iPhone Developer";
				COPY_PHASE_STRIP = NO;
				GCC_C_LANGUAGE_STANDARD = gnu99;
				GCC_DYNAMIC_NO_PIC = NO;
				GCC_OPTIMIZATION_LEVEL = 0;
				GCC_PREPROCESSOR_DEFINITIONS = (
					"DEBUG=1",
					"$(inherited)",
				);
				GCC_SYMBOLS_PRIVATE_EXTERN = NO;
				GCC_VERSION = com.apple.compilers.llvmgcc42;
				GCC_WARN_ABOUT_MISSING_PROTOTYPES = YES;
				GCC_WARN_ABOUT_RETURN_TYPE = YES;
				GCC_WARN_UNUSED_VARIABLE = YES;
				IPHONEOS_DEPLOYMENT_TARGET = 4.3;
				SDKROOT = iphoneos;
			};
			name = Debug;
		};
		B937E61613E5A29C0037462C /* Release */ = {
			isa = XCBuildConfiguration;
			buildSettings = {
				ALWAYS_SEARCH_USER_PATHS = NO;
				ARCHS = "$(ARCHS_STANDARD_32_BIT)";
				"CODE_SIGN_IDENTITY[sdk=iphoneos*]" = "iPhone Developer";
				COPY_PHASE_STRIP = YES;
				GCC_C_LANGUAGE_STANDARD = gnu99;
				GCC_VERSION = com.apple.compilers.llvmgcc42;
				GCC_WARN_ABOUT_MISSING_PROTOTYPES = YES;
				GCC_WARN_ABOUT_RETURN_TYPE = YES;
				GCC_WARN_UNUSED_VARIABLE = YES;
				IPHONEOS_DEPLOYMENT_TARGET = 4.3;
				OTHER_CFLAGS = "-DNS_BLOCK_ASSERTIONS=1";
				SDKROOT = iphoneos;
				VALIDATE_PRODUCT = YES;
			};
			name = Release;
		};
		B937E61813E5A29C0037462C /* Debug */ = {
			isa = XCBuildConfiguration;
			buildSettings = {
				GCC_PRECOMPILE_PREFIX_HEADER = YES;
				GCC_PREFIX_HEADER = "Caregiver Activity Guide/Caregiver Activity Guide-Prefix.pch";
				INFOPLIST_FILE = "Caregiver Activity Guide/Caregiver Activity Guide-Info.plist";
				PRODUCT_NAME = "$(TARGET_NAME)";
				WRAPPER_EXTENSION = app;
			};
			name = Debug;
		};
		B937E61913E5A29C0037462C /* Release */ = {
			isa = XCBuildConfiguration;
			buildSettings = {
				GCC_PRECOMPILE_PREFIX_HEADER = YES;
				GCC_PREFIX_HEADER = "Caregiver Activity Guide/Caregiver Activity Guide-Prefix.pch";
				INFOPLIST_FILE = "Caregiver Activity Guide/Caregiver Activity Guide-Info.plist";
				PRODUCT_NAME = "$(TARGET_NAME)";
				WRAPPER_EXTENSION = app;
			};
			name = Release;
		};
		B937E61B13E5A29C0037462C /* Debug */ = {
			isa = XCBuildConfiguration;
			buildSettings = {
				BUNDLE_LOADER = "$(BUILT_PRODUCTS_DIR)/Caregiver Activity Guide.app/Caregiver Activity Guide";
				FRAMEWORK_SEARCH_PATHS = (
					"$(SDKROOT)/Developer/Library/Frameworks",
					"$(DEVELOPER_LIBRARY_DIR)/Frameworks",
				);
				GCC_PRECOMPILE_PREFIX_HEADER = YES;
				GCC_PREFIX_HEADER = "Caregiver Activity Guide/Caregiver Activity Guide-Prefix.pch";
				INFOPLIST_FILE = "Caregiver Activity GuideTests/Caregiver Activity GuideTests-Info.plist";
				PRODUCT_NAME = "$(TARGET_NAME)";
				TEST_HOST = "$(BUNDLE_LOADER)";
				WRAPPER_EXTENSION = octest;
			};
			name = Debug;
		};
		B937E61C13E5A29C0037462C /* Release */ = {
			isa = XCBuildConfiguration;
			buildSettings = {
				BUNDLE_LOADER = "$(BUILT_PRODUCTS_DIR)/Caregiver Activity Guide.app/Caregiver Activity Guide";
				FRAMEWORK_SEARCH_PATHS = (
					"$(SDKROOT)/Developer/Library/Frameworks",
					"$(DEVELOPER_LIBRARY_DIR)/Frameworks",
				);
				GCC_PRECOMPILE_PREFIX_HEADER = YES;
				GCC_PREFIX_HEADER = "Caregiver Activity Guide/Caregiver Activity Guide-Prefix.pch";
				INFOPLIST_FILE = "Caregiver Activity GuideTests/Caregiver Activity GuideTests-Info.plist";
				PRODUCT_NAME = "$(TARGET_NAME)";
				TEST_HOST = "$(BUNDLE_LOADER)";
				WRAPPER_EXTENSION = octest;
			};
			name = Release;
		};
/* End XCBuildConfiguration section */

/* Begin XCConfigurationList section */
		B937E5DF13E5A29B0037462C /* Build configuration list for PBXProject "Caregiver Activity Guide" */ = {
			isa = XCConfigurationList;
			buildConfigurations = (
				B937E61513E5A29C0037462C /* Debug */,
				B937E61613E5A29C0037462C /* Release */,
			);
			defaultConfigurationIsVisible = 0;
			defaultConfigurationName = Release;
		};
		B937E61713E5A29C0037462C /* Build configuration list for PBXNativeTarget "Caregiver Activity Guide" */ = {
			isa = XCConfigurationList;
			buildConfigurations = (
				B937E61813E5A29C0037462C /* Debug */,
				B937E61913E5A29C0037462C /* Release */,
			);
			defaultConfigurationIsVisible = 0;
			defaultConfigurationName = Release;
		};
		B937E61A13E5A29C0037462C /* Build configuration list for PBXNativeTarget "Caregiver Activity GuideTests" */ = {
			isa = XCConfigurationList;
			buildConfigurations = (
				B937E61B13E5A29C0037462C /* Debug */,
				B937E61C13E5A29C0037462C /* Release */,
			);
			defaultConfigurationIsVisible = 0;
			defaultConfigurationName = Release;
		};
/* End XCConfigurationList section */
	};
	rootObject = B937E5DC13E5A29B0037462C /* Project object */;
}
